// !$*UTF8*$!
{
	archiveVersion = 1;
	classes = {
	};
	objectVersion = 55;
	objects = {

/* Begin PBXBuildFile section */
		22005DCD271D880A0058609C /* Scene.swift in Sources */ = {isa = PBXBuildFile; fileRef = 22005DC9271D880A0058609C /* Scene.swift */; };
		22005DCE271D880A0058609C /* SceneCoordinatorType.swift in Sources */ = {isa = PBXBuildFile; fileRef = 22005DCA271D880A0058609C /* SceneCoordinatorType.swift */; };
		22005DCF271D880A0058609C /* TransitionModel.swift in Sources */ = {isa = PBXBuildFile; fileRef = 22005DCB271D880A0058609C /* TransitionModel.swift */; };
		22005DD0271D880A0058609C /* SceneCoordinator.swift in Sources */ = {isa = PBXBuildFile; fileRef = 22005DCC271D880A0058609C /* SceneCoordinator.swift */; };
		22005DD3271D8CF10058609C /* Networking.swift in Sources */ = {isa = PBXBuildFile; fileRef = 22005DD2271D8CF10058609C /* Networking.swift */; };
		22005DD5271D8D330058609C /* ServerAPI.swift in Sources */ = {isa = PBXBuildFile; fileRef = 22005DD4271D8D330058609C /* ServerAPI.swift */; };
		22005DD7271D8E420058609C /* NetworkError.swift in Sources */ = {isa = PBXBuildFile; fileRef = 22005DD6271D8E420058609C /* NetworkError.swift */; };
		22005DD9271D8E900058609C /* Usecase.swift in Sources */ = {isa = PBXBuildFile; fileRef = 22005DD8271D8E900058609C /* Usecase.swift */; };
		22005DDB271D9D310058609C /* CodableManager.swift in Sources */ = {isa = PBXBuildFile; fileRef = 22005DDA271D9D310058609C /* CodableManager.swift */; };
		22005DDD271DA65C0058609C /* ViewModelBindableType.swift in Sources */ = {isa = PBXBuildFile; fileRef = 22005DDC271DA65C0058609C /* ViewModelBindableType.swift */; };
		22005DDF271E36650058609C /* User.swift in Sources */ = {isa = PBXBuildFile; fileRef = 22005DDE271E36650058609C /* User.swift */; };
		22005DE3271EF3E40058609C /* TabsViewModel.swift in Sources */ = {isa = PBXBuildFile; fileRef = 22005DE2271EF3E40058609C /* TabsViewModel.swift */; };
		22005DE5271EF45C0058609C /* TabsViewController.swift in Sources */ = {isa = PBXBuildFile; fileRef = 22005DE4271EF45C0058609C /* TabsViewController.swift */; };
		22005DEA271EF6B40058609C /* TrandViewModel.swift in Sources */ = {isa = PBXBuildFile; fileRef = 22005DE9271EF6B40058609C /* TrandViewModel.swift */; };
		22005DEC271EF6CD0058609C /* TrandViewController.swift in Sources */ = {isa = PBXBuildFile; fileRef = 22005DEB271EF6CD0058609C /* TrandViewController.swift */; };
		2227A45E2720CE290057387E /* ObservableType.swift in Sources */ = {isa = PBXBuildFile; fileRef = 2227A45D2720CE290057387E /* ObservableType.swift */; };
		223F55E027299E7400B8BCE3 /* TopicLabel.swift in Sources */ = {isa = PBXBuildFile; fileRef = 223F55DF27299E7400B8BCE3 /* TopicLabel.swift */; };
		223F55E22729A21200B8BCE3 /* UIColor.swift in Sources */ = {isa = PBXBuildFile; fileRef = 223F55E12729A21100B8BCE3 /* UIColor.swift */; };
		2246E9ED27335C2900A75FFC /* PersistanceError.swift in Sources */ = {isa = PBXBuildFile; fileRef = 2246E9EC27335C2900A75FFC /* PersistanceError.swift */; };
		2246E9F02733612600A75FFC /* ReposiporyEntity+CoreDataClass.swift in Sources */ = {isa = PBXBuildFile; fileRef = 2246E9EE2733612600A75FFC /* ReposiporyEntity+CoreDataClass.swift */; };
		2246E9F12733612600A75FFC /* ReposiporyEntity+CoreDataProperties.swift in Sources */ = {isa = PBXBuildFile; fileRef = 2246E9EF2733612600A75FFC /* ReposiporyEntity+CoreDataProperties.swift */; };
		2246E9F3273361A500A75FFC /* RepositoryCoreDataStorage.swift in Sources */ = {isa = PBXBuildFile; fileRef = 2246E9F2273361A500A75FFC /* RepositoryCoreDataStorage.swift */; };
		226C92CC27243DD200810E81 /* NSObject+ClassNameProtocol.swift in Sources */ = {isa = PBXBuildFile; fileRef = 226C92CB27243DD200810E81 /* NSObject+ClassNameProtocol.swift */; };
		2276AE7E273163770082EA73 /* UIImage.swift in Sources */ = {isa = PBXBuildFile; fileRef = 2276AE7D273163770082EA73 /* UIImage.swift */; };
		2299635527263611007ABFF2 /* CustomSegmentedControl.swift in Sources */ = {isa = PBXBuildFile; fileRef = 2299635427263611007ABFF2 /* CustomSegmentedControl.swift */; };
		22AA7A9527254E8A00FDA6C3 /* Repository.swift in Sources */ = {isa = PBXBuildFile; fileRef = 22AA7A9427254E8A00FDA6C3 /* Repository.swift */; };
		22AA7A972725535E00FDA6C3 /* RepositoryCell.swift in Sources */ = {isa = PBXBuildFile; fileRef = 22AA7A962725535E00FDA6C3 /* RepositoryCell.swift */; };
		22AA7A992725543000FDA6C3 /* Int+NumberFormatter.swift in Sources */ = {isa = PBXBuildFile; fileRef = 22AA7A982725543000FDA6C3 /* Int+NumberFormatter.swift */; };
		22AA7A9F2725552D00FDA6C3 /* StarredLoader.swift in Sources */ = {isa = PBXBuildFile; fileRef = 22AA7A9E2725552D00FDA6C3 /* StarredLoader.swift */; };
		22C796EB27206F5100576501 /* ProfileViewController.swift in Sources */ = {isa = PBXBuildFile; fileRef = 22C796EA27206F5100576501 /* ProfileViewController.swift */; };
		22C796EF27206F7D00576501 /* ProfileViewModel.swift in Sources */ = {isa = PBXBuildFile; fileRef = 22C796EE27206F7D00576501 /* ProfileViewModel.swift */; };
		22DF7EEF2738AFC8001F0CD1 /* GithubRepository.swift in Sources */ = {isa = PBXBuildFile; fileRef = 22DF7EEE2738AFC8001F0CD1 /* GithubRepository.swift */; };
		22E172382728C584007D87ED /* ImageLoader.swift in Sources */ = {isa = PBXBuildFile; fileRef = 22E172372728C584007D87ED /* ImageLoader.swift */; };
		22E5394F27316B7500647008 /* GithubNeonImage.json in Resources */ = {isa = PBXBuildFile; fileRef = 22E5394E27316B7500647008 /* GithubNeonImage.json */; };
		22F11BDE271D177700E556EB /* Assets.xcassets in Resources */ = {isa = PBXBuildFile; fileRef = 22F11BDD271D177700E556EB /* Assets.xcassets */; };
		22F11BE1271D177700E556EB /* LaunchScreen.storyboard in Resources */ = {isa = PBXBuildFile; fileRef = 22F11BDF271D177700E556EB /* LaunchScreen.storyboard */; };
		22F11BF8271D179D00E556EB /* AppDelegate.swift in Sources */ = {isa = PBXBuildFile; fileRef = 22F11BE9271D179D00E556EB /* AppDelegate.swift */; };
		22F11BF9271D179D00E556EB /* SceneDelegate.swift in Sources */ = {isa = PBXBuildFile; fileRef = 22F11BEA271D179D00E556EB /* SceneDelegate.swift */; };
		22F11BFA271D179D00E556EB /* Configs.swift in Sources */ = {isa = PBXBuildFile; fileRef = 22F11BED271D179D00E556EB /* Configs.swift */; };
		22F11BFC271D179D00E556EB /* OAuthViewModel.swift in Sources */ = {isa = PBXBuildFile; fileRef = 22F11BF3271D179D00E556EB /* OAuthViewModel.swift */; };
		22F11BFD271D179D00E556EB /* OAuthViewController.swift in Sources */ = {isa = PBXBuildFile; fileRef = 22F11BF4271D179D00E556EB /* OAuthViewController.swift */; };
		22F11BFE271D179D00E556EB /* ViewModelType.swift in Sources */ = {isa = PBXBuildFile; fileRef = 22F11BF6271D179D00E556EB /* ViewModelType.swift */; };
		22F11C01271D740C00E556EB /* URL.swift in Sources */ = {isa = PBXBuildFile; fileRef = 22F11C00271D740C00E556EB /* URL.swift */; };
		22F11C03271D782800E556EB /* Token.swift in Sources */ = {isa = PBXBuildFile; fileRef = 22F11C02271D782800E556EB /* Token.swift */; };
		22F11C05271D792100E556EB /* GithubAPI.swift in Sources */ = {isa = PBXBuildFile; fileRef = 22F11C04271D792100E556EB /* GithubAPI.swift */; };
		22F11C08271D7F6200E556EB /* AuthManager.swift in Sources */ = {isa = PBXBuildFile; fileRef = 22F11C07271D7F6200E556EB /* AuthManager.swift */; };
		22F23C192732A00A0090C689 /* RepositoryEntity.xcdatamodeld in Sources */ = {isa = PBXBuildFile; fileRef = 22F23C172732A00A0090C689 /* RepositoryEntity.xcdatamodeld */; };
		22F23C1C2732A7EC0090C689 /* CoreDataStack.swift in Sources */ = {isa = PBXBuildFile; fileRef = 22F23C1B2732A7EC0090C689 /* CoreDataStack.swift */; };
		22F23C1E2732AD5C0090C689 /* RepositoryEntity.swift in Sources */ = {isa = PBXBuildFile; fileRef = 22F23C1D2732AD5C0090C689 /* RepositoryEntity.swift */; };
		EBDEE788D2632E73D7BAFF3A /* Pods_GitInsightHub.framework in Frameworks */ = {isa = PBXBuildFile; fileRef = 441FA8053EE69AA23B40A5A8 /* Pods_GitInsightHub.framework */; };
/* End PBXBuildFile section */

/* Begin PBXFileReference section */
		22005DC9271D880A0058609C /* Scene.swift */ = {isa = PBXFileReference; fileEncoding = 4; lastKnownFileType = sourcecode.swift; path = Scene.swift; sourceTree = "<group>"; };
		22005DCA271D880A0058609C /* SceneCoordinatorType.swift */ = {isa = PBXFileReference; fileEncoding = 4; lastKnownFileType = sourcecode.swift; path = SceneCoordinatorType.swift; sourceTree = "<group>"; };
		22005DCB271D880A0058609C /* TransitionModel.swift */ = {isa = PBXFileReference; fileEncoding = 4; lastKnownFileType = sourcecode.swift; path = TransitionModel.swift; sourceTree = "<group>"; };
		22005DCC271D880A0058609C /* SceneCoordinator.swift */ = {isa = PBXFileReference; fileEncoding = 4; lastKnownFileType = sourcecode.swift; path = SceneCoordinator.swift; sourceTree = "<group>"; };
		22005DD2271D8CF10058609C /* Networking.swift */ = {isa = PBXFileReference; lastKnownFileType = sourcecode.swift; path = Networking.swift; sourceTree = "<group>"; };
		22005DD4271D8D330058609C /* ServerAPI.swift */ = {isa = PBXFileReference; lastKnownFileType = sourcecode.swift; path = ServerAPI.swift; sourceTree = "<group>"; };
		22005DD6271D8E420058609C /* NetworkError.swift */ = {isa = PBXFileReference; lastKnownFileType = sourcecode.swift; path = NetworkError.swift; sourceTree = "<group>"; };
		22005DD8271D8E900058609C /* Usecase.swift */ = {isa = PBXFileReference; lastKnownFileType = sourcecode.swift; path = Usecase.swift; sourceTree = "<group>"; };
		22005DDA271D9D310058609C /* CodableManager.swift */ = {isa = PBXFileReference; lastKnownFileType = sourcecode.swift; path = CodableManager.swift; sourceTree = "<group>"; };
		22005DDC271DA65C0058609C /* ViewModelBindableType.swift */ = {isa = PBXFileReference; lastKnownFileType = sourcecode.swift; path = ViewModelBindableType.swift; sourceTree = "<group>"; };
		22005DDE271E36650058609C /* User.swift */ = {isa = PBXFileReference; lastKnownFileType = sourcecode.swift; path = User.swift; sourceTree = "<group>"; };
		22005DE2271EF3E40058609C /* TabsViewModel.swift */ = {isa = PBXFileReference; lastKnownFileType = sourcecode.swift; path = TabsViewModel.swift; sourceTree = "<group>"; };
		22005DE4271EF45C0058609C /* TabsViewController.swift */ = {isa = PBXFileReference; lastKnownFileType = sourcecode.swift; path = TabsViewController.swift; sourceTree = "<group>"; };
		22005DE9271EF6B40058609C /* TrandViewModel.swift */ = {isa = PBXFileReference; lastKnownFileType = sourcecode.swift; path = TrandViewModel.swift; sourceTree = "<group>"; };
		22005DEB271EF6CD0058609C /* TrandViewController.swift */ = {isa = PBXFileReference; lastKnownFileType = sourcecode.swift; path = TrandViewController.swift; sourceTree = "<group>"; };
		2227A45D2720CE290057387E /* ObservableType.swift */ = {isa = PBXFileReference; lastKnownFileType = sourcecode.swift; path = ObservableType.swift; sourceTree = "<group>"; };
		223F55DF27299E7400B8BCE3 /* TopicLabel.swift */ = {isa = PBXFileReference; lastKnownFileType = sourcecode.swift; path = TopicLabel.swift; sourceTree = "<group>"; };
		223F55E12729A21100B8BCE3 /* UIColor.swift */ = {isa = PBXFileReference; lastKnownFileType = sourcecode.swift; path = UIColor.swift; sourceTree = "<group>"; };
		2246E9EC27335C2900A75FFC /* PersistanceError.swift */ = {isa = PBXFileReference; lastKnownFileType = sourcecode.swift; path = PersistanceError.swift; sourceTree = "<group>"; };
		2246E9EE2733612600A75FFC /* ReposiporyEntity+CoreDataClass.swift */ = {isa = PBXFileReference; lastKnownFileType = sourcecode.swift; path = "ReposiporyEntity+CoreDataClass.swift"; sourceTree = "<group>"; };
		2246E9EF2733612600A75FFC /* ReposiporyEntity+CoreDataProperties.swift */ = {isa = PBXFileReference; lastKnownFileType = sourcecode.swift; path = "ReposiporyEntity+CoreDataProperties.swift"; sourceTree = "<group>"; };
		2246E9F2273361A500A75FFC /* RepositoryCoreDataStorage.swift */ = {isa = PBXFileReference; lastKnownFileType = sourcecode.swift; path = RepositoryCoreDataStorage.swift; sourceTree = "<group>"; };
		226C92CB27243DD200810E81 /* NSObject+ClassNameProtocol.swift */ = {isa = PBXFileReference; lastKnownFileType = sourcecode.swift; path = "NSObject+ClassNameProtocol.swift"; sourceTree = "<group>"; };
		2276AE7D273163770082EA73 /* UIImage.swift */ = {isa = PBXFileReference; lastKnownFileType = sourcecode.swift; path = UIImage.swift; sourceTree = "<group>"; };
		2299635427263611007ABFF2 /* CustomSegmentedControl.swift */ = {isa = PBXFileReference; lastKnownFileType = sourcecode.swift; path = CustomSegmentedControl.swift; sourceTree = "<group>"; };
		22AA7A9427254E8A00FDA6C3 /* Repository.swift */ = {isa = PBXFileReference; lastKnownFileType = sourcecode.swift; path = Repository.swift; sourceTree = "<group>"; };
		22AA7A962725535E00FDA6C3 /* RepositoryCell.swift */ = {isa = PBXFileReference; lastKnownFileType = sourcecode.swift; path = RepositoryCell.swift; sourceTree = "<group>"; };
		22AA7A982725543000FDA6C3 /* Int+NumberFormatter.swift */ = {isa = PBXFileReference; lastKnownFileType = sourcecode.swift; path = "Int+NumberFormatter.swift"; sourceTree = "<group>"; };
		22AA7A9E2725552D00FDA6C3 /* StarredLoader.swift */ = {isa = PBXFileReference; lastKnownFileType = sourcecode.swift; path = StarredLoader.swift; sourceTree = "<group>"; };
		22C796EA27206F5100576501 /* ProfileViewController.swift */ = {isa = PBXFileReference; lastKnownFileType = sourcecode.swift; path = ProfileViewController.swift; sourceTree = "<group>"; };
		22C796EE27206F7D00576501 /* ProfileViewModel.swift */ = {isa = PBXFileReference; lastKnownFileType = sourcecode.swift; path = ProfileViewModel.swift; sourceTree = "<group>"; };
		22DF7EEE2738AFC8001F0CD1 /* GithubRepository.swift */ = {isa = PBXFileReference; lastKnownFileType = sourcecode.swift; path = GithubRepository.swift; sourceTree = "<group>"; };
		22E172372728C584007D87ED /* ImageLoader.swift */ = {isa = PBXFileReference; lastKnownFileType = sourcecode.swift; path = ImageLoader.swift; sourceTree = "<group>"; };
		22E5394E27316B7500647008 /* GithubNeonImage.json */ = {isa = PBXFileReference; fileEncoding = 4; lastKnownFileType = text.json; path = GithubNeonImage.json; sourceTree = "<group>"; };
		22F11BD1271D177300E556EB /* GitInsightHub.app */ = {isa = PBXFileReference; explicitFileType = wrapper.application; includeInIndex = 0; path = GitInsightHub.app; sourceTree = BUILT_PRODUCTS_DIR; };
		22F11BDD271D177700E556EB /* Assets.xcassets */ = {isa = PBXFileReference; lastKnownFileType = folder.assetcatalog; path = Assets.xcassets; sourceTree = "<group>"; };
		22F11BE0271D177700E556EB /* Base */ = {isa = PBXFileReference; lastKnownFileType = file.storyboard; name = Base; path = Base.lproj/LaunchScreen.storyboard; sourceTree = "<group>"; };
		22F11BE2271D177700E556EB /* Info.plist */ = {isa = PBXFileReference; lastKnownFileType = text.plist.xml; path = Info.plist; sourceTree = "<group>"; };
		22F11BE9271D179D00E556EB /* AppDelegate.swift */ = {isa = PBXFileReference; fileEncoding = 4; lastKnownFileType = sourcecode.swift; path = AppDelegate.swift; sourceTree = "<group>"; };
		22F11BEA271D179D00E556EB /* SceneDelegate.swift */ = {isa = PBXFileReference; fileEncoding = 4; lastKnownFileType = sourcecode.swift; path = SceneDelegate.swift; sourceTree = "<group>"; };
		22F11BED271D179D00E556EB /* Configs.swift */ = {isa = PBXFileReference; fileEncoding = 4; lastKnownFileType = sourcecode.swift; path = Configs.swift; sourceTree = "<group>"; };
		22F11BF3271D179D00E556EB /* OAuthViewModel.swift */ = {isa = PBXFileReference; fileEncoding = 4; lastKnownFileType = sourcecode.swift; path = OAuthViewModel.swift; sourceTree = "<group>"; };
		22F11BF4271D179D00E556EB /* OAuthViewController.swift */ = {isa = PBXFileReference; fileEncoding = 4; lastKnownFileType = sourcecode.swift; path = OAuthViewController.swift; sourceTree = "<group>"; };
		22F11BF6271D179D00E556EB /* ViewModelType.swift */ = {isa = PBXFileReference; fileEncoding = 4; lastKnownFileType = sourcecode.swift; path = ViewModelType.swift; sourceTree = "<group>"; };
		22F11C00271D740C00E556EB /* URL.swift */ = {isa = PBXFileReference; lastKnownFileType = sourcecode.swift; path = URL.swift; sourceTree = "<group>"; };
		22F11C02271D782800E556EB /* Token.swift */ = {isa = PBXFileReference; lastKnownFileType = sourcecode.swift; path = Token.swift; sourceTree = "<group>"; };
		22F11C04271D792100E556EB /* GithubAPI.swift */ = {isa = PBXFileReference; lastKnownFileType = sourcecode.swift; path = GithubAPI.swift; sourceTree = "<group>"; };
		22F11C07271D7F6200E556EB /* AuthManager.swift */ = {isa = PBXFileReference; lastKnownFileType = sourcecode.swift; path = AuthManager.swift; sourceTree = "<group>"; };
		22F23C182732A00A0090C689 /* Repository.xcdatamodel */ = {isa = PBXFileReference; lastKnownFileType = wrapper.xcdatamodel; path = Repository.xcdatamodel; sourceTree = "<group>"; };
		22F23C1B2732A7EC0090C689 /* CoreDataStack.swift */ = {isa = PBXFileReference; lastKnownFileType = sourcecode.swift; path = CoreDataStack.swift; sourceTree = "<group>"; };
		22F23C1D2732AD5C0090C689 /* RepositoryEntity.swift */ = {isa = PBXFileReference; lastKnownFileType = sourcecode.swift; path = RepositoryEntity.swift; sourceTree = "<group>"; };
		441FA8053EE69AA23B40A5A8 /* Pods_GitInsightHub.framework */ = {isa = PBXFileReference; explicitFileType = wrapper.framework; includeInIndex = 0; path = Pods_GitInsightHub.framework; sourceTree = BUILT_PRODUCTS_DIR; };
		4E045E2F176B8F1E69B9C564 /* Pods-GitInsightHub.release.xcconfig */ = {isa = PBXFileReference; includeInIndex = 1; lastKnownFileType = text.xcconfig; name = "Pods-GitInsightHub.release.xcconfig"; path = "Target Support Files/Pods-GitInsightHub/Pods-GitInsightHub.release.xcconfig"; sourceTree = "<group>"; };
		94DC64C5E955D12FBE0A10E8 /* Pods-GitInsightHub.debug.xcconfig */ = {isa = PBXFileReference; includeInIndex = 1; lastKnownFileType = text.xcconfig; name = "Pods-GitInsightHub.debug.xcconfig"; path = "Target Support Files/Pods-GitInsightHub/Pods-GitInsightHub.debug.xcconfig"; sourceTree = "<group>"; };
/* End PBXFileReference section */

/* Begin PBXFrameworksBuildPhase section */
		22F11BCE271D177300E556EB /* Frameworks */ = {
			isa = PBXFrameworksBuildPhase;
			buildActionMask = 2147483647;
			files = (
				EBDEE788D2632E73D7BAFF3A /* Pods_GitInsightHub.framework in Frameworks */,
			);
			runOnlyForDeploymentPostprocessing = 0;
		};
/* End PBXFrameworksBuildPhase section */

/* Begin PBXGroup section */
		00CBE6A8F31D07AFDA6F7769 /* Pods */ = {
			isa = PBXGroup;
			children = (
				94DC64C5E955D12FBE0A10E8 /* Pods-GitInsightHub.debug.xcconfig */,
				4E045E2F176B8F1E69B9C564 /* Pods-GitInsightHub.release.xcconfig */,
			);
			path = Pods;
			sourceTree = "<group>";
		};
		22005DC8271D880A0058609C /* Scene */ = {
			isa = PBXGroup;
			children = (
				22005DC9271D880A0058609C /* Scene.swift */,
				22005DCA271D880A0058609C /* SceneCoordinatorType.swift */,
				22005DCB271D880A0058609C /* TransitionModel.swift */,
				22005DCC271D880A0058609C /* SceneCoordinator.swift */,
			);
			path = Scene;
			sourceTree = "<group>";
		};
		22005DD1271D8CA40058609C /* UseCase */ = {
			isa = PBXGroup;
			children = (
				22F11C04271D792100E556EB /* GithubAPI.swift */,
				22005DD8271D8E900058609C /* Usecase.swift */,
			);
			path = UseCase;
			sourceTree = "<group>";
		};
		22005DE6271EF5A10058609C /* Trend */ = {
			isa = PBXGroup;
			children = (
				22005DEB271EF6CD0058609C /* TrandViewController.swift */,
				22005DE9271EF6B40058609C /* TrandViewModel.swift */,
			);
			path = Trend;
			sourceTree = "<group>";
		};
		22411A71273258D60023A03B /* Presentation */ = {
			isa = PBXGroup;
			children = (
				22F11BF5271D179D00E556EB /* Common */,
				22F11BEF271D179D00E556EB /* Module */,
			);
			path = Presentation;
			sourceTree = "<group>";
		};
		22411A72273258E00023A03B /* Domain */ = {
			isa = PBXGroup;
			children = (
				22005DD1271D8CA40058609C /* UseCase */,
				22F11BEE271D179D00E556EB /* Model */,
			);
			path = Domain;
			sourceTree = "<group>";
		};
		22411A73273258E70023A03B /* Data */ = {
			isa = PBXGroup;
			children = (
				22411A7527325C030023A03B /* Repository */,
				22411A7927326A780023A03B /* Persistance */,
				22F11BF7271D179D00E556EB /* Network */,
			);
			path = Data;
			sourceTree = "<group>";
		};
		22411A7527325C030023A03B /* Repository */ = {
			isa = PBXGroup;
			children = (
				22DF7EEE2738AFC8001F0CD1 /* GithubRepository.swift */,
			);
			path = Repository;
			sourceTree = "<group>";
		};
		22411A7927326A780023A03B /* Persistance */ = {
			isa = PBXGroup;
			children = (
				2246E9EC27335C2900A75FFC /* PersistanceError.swift */,
				22F23C1A2732A7CF0090C689 /* CoreData */,
			);
			path = Persistance;
			sourceTree = "<group>";
		};
		22C796E927206F3800576501 /* Profile */ = {
			isa = PBXGroup;
			children = (
				22C796EA27206F5100576501 /* ProfileViewController.swift */,
				22C796EE27206F7D00576501 /* ProfileViewModel.swift */,
			);
			path = Profile;
			sourceTree = "<group>";
		};
		22F11BC8271D177300E556EB = {
			isa = PBXGroup;
			children = (
				22F11BD3271D177300E556EB /* GitInsightHub */,
				22F11BD2271D177300E556EB /* Products */,
				00CBE6A8F31D07AFDA6F7769 /* Pods */,
				6468B76F818E9E83BA33F2DA /* Frameworks */,
			);
			sourceTree = "<group>";
		};
		22F11BD2271D177300E556EB /* Products */ = {
			isa = PBXGroup;
			children = (
				22F11BD1271D177300E556EB /* GitInsightHub.app */,
			);
			name = Products;
			sourceTree = "<group>";
		};
		22F11BD3271D177300E556EB /* GitInsightHub */ = {
			isa = PBXGroup;
			children = (
				22F11BE8271D179D00E556EB /* Application */,
				22005DC8271D880A0058609C /* Scene */,
				22411A71273258D60023A03B /* Presentation */,
				22411A72273258E00023A03B /* Domain */,
				22411A73273258E70023A03B /* Data */,
				22F11BDD271D177700E556EB /* Assets.xcassets */,
				22E5394E27316B7500647008 /* GithubNeonImage.json */,
				22F11BDF271D177700E556EB /* LaunchScreen.storyboard */,
				22F11BE2271D177700E556EB /* Info.plist */,
			);
			path = GitInsightHub;
			sourceTree = "<group>";
		};
		22F11BE8271D179D00E556EB /* Application */ = {
			isa = PBXGroup;
			children = (
				22F11BE9271D179D00E556EB /* AppDelegate.swift */,
				22F11BEA271D179D00E556EB /* SceneDelegate.swift */,
			);
			path = Application;
			sourceTree = "<group>";
		};
		22F11BEB271D179D00E556EB /* Extension */ = {
			isa = PBXGroup;
			children = (
				226C92CB27243DD200810E81 /* NSObject+ClassNameProtocol.swift */,
				2276AE7D273163770082EA73 /* UIImage.swift */,
				22F11C00271D740C00E556EB /* URL.swift */,
				22AA7A982725543000FDA6C3 /* Int+NumberFormatter.swift */,
				2227A45D2720CE290057387E /* ObservableType.swift */,
				223F55E12729A21100B8BCE3 /* UIColor.swift */,
			);
			path = Extension;
			sourceTree = "<group>";
		};
		22F11BEC271D179D00E556EB /* Configs */ = {
			isa = PBXGroup;
			children = (
				22F11BED271D179D00E556EB /* Configs.swift */,
			);
			path = Configs;
			sourceTree = "<group>";
		};
		22F11BEE271D179D00E556EB /* Model */ = {
			isa = PBXGroup;
			children = (
				22F11C06271D7F4A00E556EB /* Manager */,
				22F11BEB271D179D00E556EB /* Extension */,
				22F11BEC271D179D00E556EB /* Configs */,
				22F11C02271D782800E556EB /* Token.swift */,
				22AA7A9427254E8A00FDA6C3 /* Repository.swift */,
				22005DDE271E36650058609C /* User.swift */,
			);
			path = Model;
			sourceTree = "<group>";
		};
		22F11BEF271D179D00E556EB /* Module */ = {
			isa = PBXGroup;
			children = (
				22F11BF0271D179D00E556EB /* Tabs */,
				22005DE6271EF5A10058609C /* Trend */,
				22F11BF2271D179D00E556EB /* Login */,
				22C796E927206F3800576501 /* Profile */,
			);
			path = Module;
			sourceTree = "<group>";
		};
		22F11BF0271D179D00E556EB /* Tabs */ = {
			isa = PBXGroup;
			children = (
				22005DE4271EF45C0058609C /* TabsViewController.swift */,
				22005DE2271EF3E40058609C /* TabsViewModel.swift */,
			);
			path = Tabs;
			sourceTree = "<group>";
		};
		22F11BF2271D179D00E556EB /* Login */ = {
			isa = PBXGroup;
			children = (
				22F11BF4271D179D00E556EB /* OAuthViewController.swift */,
				22F11BF3271D179D00E556EB /* OAuthViewModel.swift */,
			);
			path = Login;
			sourceTree = "<group>";
		};
		22F11BF5271D179D00E556EB /* Common */ = {
			isa = PBXGroup;
			children = (
				22F11BF6271D179D00E556EB /* ViewModelType.swift */,
				22005DDC271DA65C0058609C /* ViewModelBindableType.swift */,
				2299635427263611007ABFF2 /* CustomSegmentedControl.swift */,
				223F55DF27299E7400B8BCE3 /* TopicLabel.swift */,
				22AA7A962725535E00FDA6C3 /* RepositoryCell.swift */,
			);
			path = Common;
			sourceTree = "<group>";
		};
		22F11BF7271D179D00E556EB /* Network */ = {
			isa = PBXGroup;
			children = (
				22AA7A9E2725552D00FDA6C3 /* StarredLoader.swift */,
				22E172372728C584007D87ED /* ImageLoader.swift */,
				22005DD2271D8CF10058609C /* Networking.swift */,
				22005DD4271D8D330058609C /* ServerAPI.swift */,
				22005DD6271D8E420058609C /* NetworkError.swift */,
			);
			path = Network;
			sourceTree = "<group>";
		};
		22F11C06271D7F4A00E556EB /* Manager */ = {
			isa = PBXGroup;
			children = (
				22F11C07271D7F6200E556EB /* AuthManager.swift */,
				22005DDA271D9D310058609C /* CodableManager.swift */,
			);
			path = Manager;
			sourceTree = "<group>";
		};
		22F23C1A2732A7CF0090C689 /* CoreData */ = {
			isa = PBXGroup;
			children = (
				2246E9F2273361A500A75FFC /* RepositoryCoreDataStorage.swift */,
				2246E9EE2733612600A75FFC /* ReposiporyEntity+CoreDataClass.swift */,
				2246E9EF2733612600A75FFC /* ReposiporyEntity+CoreDataProperties.swift */,
				22F23C172732A00A0090C689 /* RepositoryEntity.xcdatamodeld */,
				22F23C1D2732AD5C0090C689 /* RepositoryEntity.swift */,
				22F23C1B2732A7EC0090C689 /* CoreDataStack.swift */,
			);
			path = CoreData;
			sourceTree = "<group>";
		};
		6468B76F818E9E83BA33F2DA /* Frameworks */ = {
			isa = PBXGroup;
			children = (
				441FA8053EE69AA23B40A5A8 /* Pods_GitInsightHub.framework */,
			);
			name = Frameworks;
			sourceTree = "<group>";
		};
/* End PBXGroup section */

/* Begin PBXNativeTarget section */
		22F11BD0271D177300E556EB /* GitInsightHub */ = {
			isa = PBXNativeTarget;
			buildConfigurationList = 22F11BE5271D177700E556EB /* Build configuration list for PBXNativeTarget "GitInsightHub" */;
			buildPhases = (
				7E0169B598176BA746F7BE60 /* [CP] Check Pods Manifest.lock */,
				22F11BCD271D177300E556EB /* Sources */,
				22F11BCE271D177300E556EB /* Frameworks */,
				22F11BCF271D177300E556EB /* Resources */,
				9C7CBB006B8EBB0E9DCD56D0 /* [CP] Embed Pods Frameworks */,
			);
			buildRules = (
			);
			dependencies = (
			);
			name = GitInsightHub;
			productName = GitInsightHub;
			productReference = 22F11BD1271D177300E556EB /* GitInsightHub.app */;
			productType = "com.apple.product-type.application";
		};
/* End PBXNativeTarget section */

/* Begin PBXProject section */
		22F11BC9271D177300E556EB /* Project object */ = {
			isa = PBXProject;
			attributes = {
				BuildIndependentTargetsInParallel = 1;
				LastSwiftUpdateCheck = 1300;
				LastUpgradeCheck = 1300;
				TargetAttributes = {
					22F11BD0271D177300E556EB = {
						CreatedOnToolsVersion = 13.0;
					};
				};
			};
			buildConfigurationList = 22F11BCC271D177300E556EB /* Build configuration list for PBXProject "GitInsightHub" */;
			compatibilityVersion = "Xcode 13.0";
			developmentRegion = en;
			hasScannedForEncodings = 0;
			knownRegions = (
				en,
				Base,
			);
			mainGroup = 22F11BC8271D177300E556EB;
			productRefGroup = 22F11BD2271D177300E556EB /* Products */;
			projectDirPath = "";
			projectRoot = "";
			targets = (
				22F11BD0271D177300E556EB /* GitInsightHub */,
			);
		};
/* End PBXProject section */

/* Begin PBXResourcesBuildPhase section */
		22F11BCF271D177300E556EB /* Resources */ = {
			isa = PBXResourcesBuildPhase;
			buildActionMask = 2147483647;
			files = (
				22E5394F27316B7500647008 /* GithubNeonImage.json in Resources */,
				22F11BE1271D177700E556EB /* LaunchScreen.storyboard in Resources */,
				22F11BDE271D177700E556EB /* Assets.xcassets in Resources */,
			);
			runOnlyForDeploymentPostprocessing = 0;
		};
/* End PBXResourcesBuildPhase section */

/* Begin PBXShellScriptBuildPhase section */
		7E0169B598176BA746F7BE60 /* [CP] Check Pods Manifest.lock */ = {
			isa = PBXShellScriptBuildPhase;
			buildActionMask = 2147483647;
			files = (
			);
			inputFileListPaths = (
			);
			inputPaths = (
				"${PODS_PODFILE_DIR_PATH}/Podfile.lock",
				"${PODS_ROOT}/Manifest.lock",
			);
			name = "[CP] Check Pods Manifest.lock";
			outputFileListPaths = (
			);
			outputPaths = (
				"$(DERIVED_FILE_DIR)/Pods-GitInsightHub-checkManifestLockResult.txt",
			);
			runOnlyForDeploymentPostprocessing = 0;
			shellPath = /bin/sh;
			shellScript = "diff \"${PODS_PODFILE_DIR_PATH}/Podfile.lock\" \"${PODS_ROOT}/Manifest.lock\" > /dev/null\nif [ $? != 0 ] ; then\n    # print error to STDERR\n    echo \"error: The sandbox is not in sync with the Podfile.lock. Run 'pod install' or update your CocoaPods installation.\" >&2\n    exit 1\nfi\n# This output is used by Xcode 'outputs' to avoid re-running this script phase.\necho \"SUCCESS\" > \"${SCRIPT_OUTPUT_FILE_0}\"\n";
			showEnvVarsInLog = 0;
		};
		9C7CBB006B8EBB0E9DCD56D0 /* [CP] Embed Pods Frameworks */ = {
			isa = PBXShellScriptBuildPhase;
			buildActionMask = 2147483647;
			files = (
			);
			inputFileListPaths = (
				"${PODS_ROOT}/Target Support Files/Pods-GitInsightHub/Pods-GitInsightHub-frameworks-${CONFIGURATION}-input-files.xcfilelist",
			);
			name = "[CP] Embed Pods Frameworks";
			outputFileListPaths = (
				"${PODS_ROOT}/Target Support Files/Pods-GitInsightHub/Pods-GitInsightHub-frameworks-${CONFIGURATION}-output-files.xcfilelist",
			);
			runOnlyForDeploymentPostprocessing = 0;
			shellPath = /bin/sh;
			shellScript = "\"${PODS_ROOT}/Target Support Files/Pods-GitInsightHub/Pods-GitInsightHub-frameworks.sh\"\n";
			showEnvVarsInLog = 0;
		};
/* End PBXShellScriptBuildPhase section */

/* Begin PBXSourcesBuildPhase section */
		22F11BCD271D177300E556EB /* Sources */ = {
			isa = PBXSourcesBuildPhase;
			buildActionMask = 2147483647;
			files = (
				22F11C03271D782800E556EB /* Token.swift in Sources */,
				22AA7A972725535E00FDA6C3 /* RepositoryCell.swift in Sources */,
				22F11C05271D792100E556EB /* GithubAPI.swift in Sources */,
				22AA7A9F2725552D00FDA6C3 /* StarredLoader.swift in Sources */,
				22F11BF9271D179D00E556EB /* SceneDelegate.swift in Sources */,
				22C796EF27206F7D00576501 /* ProfileViewModel.swift in Sources */,
				22DF7EEF2738AFC8001F0CD1 /* GithubRepository.swift in Sources */,
				22005DD3271D8CF10058609C /* Networking.swift in Sources */,
				22005DEC271EF6CD0058609C /* TrandViewController.swift in Sources */,
				22AA7A992725543000FDA6C3 /* Int+NumberFormatter.swift in Sources */,
				22005DDB271D9D310058609C /* CodableManager.swift in Sources */,
				22005DE3271EF3E40058609C /* TabsViewModel.swift in Sources */,
				22F11BFD271D179D00E556EB /* OAuthViewController.swift in Sources */,
				22005DE5271EF45C0058609C /* TabsViewController.swift in Sources */,
				22E172382728C584007D87ED /* ImageLoader.swift in Sources */,
				22F11BF8271D179D00E556EB /* AppDelegate.swift in Sources */,
				22F23C1C2732A7EC0090C689 /* CoreDataStack.swift in Sources */,
				22C796EB27206F5100576501 /* ProfileViewController.swift in Sources */,
				22F11BFC271D179D00E556EB /* OAuthViewModel.swift in Sources */,
				22005DD0271D880A0058609C /* SceneCoordinator.swift in Sources */,
				223F55E027299E7400B8BCE3 /* TopicLabel.swift in Sources */,
				22005DDD271DA65C0058609C /* ViewModelBindableType.swift in Sources */,
				22005DDF271E36650058609C /* User.swift in Sources */,
				22005DD9271D8E900058609C /* Usecase.swift in Sources */,
				223F55E22729A21200B8BCE3 /* UIColor.swift in Sources */,
				2246E9F12733612600A75FFC /* ReposiporyEntity+CoreDataProperties.swift in Sources */,
				22AA7A9527254E8A00FDA6C3 /* Repository.swift in Sources */,
				2299635527263611007ABFF2 /* CustomSegmentedControl.swift in Sources */,
				2246E9F02733612600A75FFC /* ReposiporyEntity+CoreDataClass.swift in Sources */,
				22F11BFE271D179D00E556EB /* ViewModelType.swift in Sources */,
				2246E9ED27335C2900A75FFC /* PersistanceError.swift in Sources */,
				2246E9F3273361A500A75FFC /* RepositoryCoreDataStorage.swift in Sources */,
				22005DCD271D880A0058609C /* Scene.swift in Sources */,
				22F11C08271D7F6200E556EB /* AuthManager.swift in Sources */,
				22F23C1E2732AD5C0090C689 /* RepositoryEntity.swift in Sources */,
				22005DD5271D8D330058609C /* ServerAPI.swift in Sources */,
				22005DCF271D880A0058609C /* TransitionModel.swift in Sources */,
				2227A45E2720CE290057387E /* ObservableType.swift in Sources */,
				22F23C192732A00A0090C689 /* RepositoryEntity.xcdatamodeld in Sources */,
				22F11BFA271D179D00E556EB /* Configs.swift in Sources */,
				226C92CC27243DD200810E81 /* NSObject+ClassNameProtocol.swift in Sources */,
				22005DEA271EF6B40058609C /* TrandViewModel.swift in Sources */,
				22005DD7271D8E420058609C /* NetworkError.swift in Sources */,
				2276AE7E273163770082EA73 /* UIImage.swift in Sources */,
				22005DCE271D880A0058609C /* SceneCoordinatorType.swift in Sources */,
				22F11C01271D740C00E556EB /* URL.swift in Sources */,
			);
			runOnlyForDeploymentPostprocessing = 0;
		};
/* End PBXSourcesBuildPhase section */

/* Begin PBXVariantGroup section */
		22F11BDF271D177700E556EB /* LaunchScreen.storyboard */ = {
			isa = PBXVariantGroup;
			children = (
				22F11BE0271D177700E556EB /* Base */,
			);
			name = LaunchScreen.storyboard;
			sourceTree = "<group>";
		};
/* End PBXVariantGroup section */

/* Begin XCBuildConfiguration section */
		22F11BE3271D177700E556EB /* Debug */ = {
			isa = XCBuildConfiguration;
			buildSettings = {
				ALWAYS_SEARCH_USER_PATHS = NO;
				CLANG_ANALYZER_NONNULL = YES;
				CLANG_ANALYZER_NUMBER_OBJECT_CONVERSION = YES_AGGRESSIVE;
				CLANG_CXX_LANGUAGE_STANDARD = "gnu++17";
				CLANG_CXX_LIBRARY = "libc++";
				CLANG_ENABLE_MODULES = YES;
				CLANG_ENABLE_OBJC_ARC = YES;
				CLANG_ENABLE_OBJC_WEAK = YES;
				CLANG_WARN_BLOCK_CAPTURE_AUTORELEASING = YES;
				CLANG_WARN_BOOL_CONVERSION = YES;
				CLANG_WARN_COMMA = YES;
				CLANG_WARN_CONSTANT_CONVERSION = YES;
				CLANG_WARN_DEPRECATED_OBJC_IMPLEMENTATIONS = YES;
				CLANG_WARN_DIRECT_OBJC_ISA_USAGE = YES_ERROR;
				CLANG_WARN_DOCUMENTATION_COMMENTS = YES;
				CLANG_WARN_EMPTY_BODY = YES;
				CLANG_WARN_ENUM_CONVERSION = YES;
				CLANG_WARN_INFINITE_RECURSION = YES;
				CLANG_WARN_INT_CONVERSION = YES;
				CLANG_WARN_NON_LITERAL_NULL_CONVERSION = YES;
				CLANG_WARN_OBJC_IMPLICIT_RETAIN_SELF = YES;
				CLANG_WARN_OBJC_LITERAL_CONVERSION = YES;
				CLANG_WARN_OBJC_ROOT_CLASS = YES_ERROR;
				CLANG_WARN_QUOTED_INCLUDE_IN_FRAMEWORK_HEADER = YES;
				CLANG_WARN_RANGE_LOOP_ANALYSIS = YES;
				CLANG_WARN_STRICT_PROTOTYPES = YES;
				CLANG_WARN_SUSPICIOUS_MOVE = YES;
				CLANG_WARN_UNGUARDED_AVAILABILITY = YES_AGGRESSIVE;
				CLANG_WARN_UNREACHABLE_CODE = YES;
				CLANG_WARN__DUPLICATE_METHOD_MATCH = YES;
				COPY_PHASE_STRIP = NO;
				DEBUG_INFORMATION_FORMAT = dwarf;
				ENABLE_STRICT_OBJC_MSGSEND = YES;
				ENABLE_TESTABILITY = YES;
				GCC_C_LANGUAGE_STANDARD = gnu11;
				GCC_DYNAMIC_NO_PIC = NO;
				GCC_NO_COMMON_BLOCKS = YES;
				GCC_OPTIMIZATION_LEVEL = 0;
				GCC_PREPROCESSOR_DEFINITIONS = (
					"DEBUG=1",
					"$(inherited)",
				);
				GCC_WARN_64_TO_32_BIT_CONVERSION = YES;
				GCC_WARN_ABOUT_RETURN_TYPE = YES_ERROR;
				GCC_WARN_UNDECLARED_SELECTOR = YES;
				GCC_WARN_UNINITIALIZED_AUTOS = YES_AGGRESSIVE;
				GCC_WARN_UNUSED_FUNCTION = YES;
				GCC_WARN_UNUSED_VARIABLE = YES;
				GENERATE_INFOPLIST_FILE = NO;
				INFOPLIST_FILE = "";
				IPHONEOS_DEPLOYMENT_TARGET = 13.0;
				MTL_ENABLE_DEBUG_INFO = INCLUDE_SOURCE;
				MTL_FAST_MATH = YES;
				ONLY_ACTIVE_ARCH = YES;
				SDKROOT = iphoneos;
				SWIFT_ACTIVE_COMPILATION_CONDITIONS = DEBUG;
				SWIFT_OPTIMIZATION_LEVEL = "-Onone";
			};
			name = Debug;
		};
		22F11BE4271D177700E556EB /* Release */ = {
			isa = XCBuildConfiguration;
			buildSettings = {
				ALWAYS_SEARCH_USER_PATHS = NO;
				CLANG_ANALYZER_NONNULL = YES;
				CLANG_ANALYZER_NUMBER_OBJECT_CONVERSION = YES_AGGRESSIVE;
				CLANG_CXX_LANGUAGE_STANDARD = "gnu++17";
				CLANG_CXX_LIBRARY = "libc++";
				CLANG_ENABLE_MODULES = YES;
				CLANG_ENABLE_OBJC_ARC = YES;
				CLANG_ENABLE_OBJC_WEAK = YES;
				CLANG_WARN_BLOCK_CAPTURE_AUTORELEASING = YES;
				CLANG_WARN_BOOL_CONVERSION = YES;
				CLANG_WARN_COMMA = YES;
				CLANG_WARN_CONSTANT_CONVERSION = YES;
				CLANG_WARN_DEPRECATED_OBJC_IMPLEMENTATIONS = YES;
				CLANG_WARN_DIRECT_OBJC_ISA_USAGE = YES_ERROR;
				CLANG_WARN_DOCUMENTATION_COMMENTS = YES;
				CLANG_WARN_EMPTY_BODY = YES;
				CLANG_WARN_ENUM_CONVERSION = YES;
				CLANG_WARN_INFINITE_RECURSION = YES;
				CLANG_WARN_INT_CONVERSION = YES;
				CLANG_WARN_NON_LITERAL_NULL_CONVERSION = YES;
				CLANG_WARN_OBJC_IMPLICIT_RETAIN_SELF = YES;
				CLANG_WARN_OBJC_LITERAL_CONVERSION = YES;
				CLANG_WARN_OBJC_ROOT_CLASS = YES_ERROR;
				CLANG_WARN_QUOTED_INCLUDE_IN_FRAMEWORK_HEADER = YES;
				CLANG_WARN_RANGE_LOOP_ANALYSIS = YES;
				CLANG_WARN_STRICT_PROTOTYPES = YES;
				CLANG_WARN_SUSPICIOUS_MOVE = YES;
				CLANG_WARN_UNGUARDED_AVAILABILITY = YES_AGGRESSIVE;
				CLANG_WARN_UNREACHABLE_CODE = YES;
				CLANG_WARN__DUPLICATE_METHOD_MATCH = YES;
				COPY_PHASE_STRIP = NO;
				DEBUG_INFORMATION_FORMAT = "dwarf-with-dsym";
				ENABLE_NS_ASSERTIONS = NO;
				ENABLE_STRICT_OBJC_MSGSEND = YES;
				GCC_C_LANGUAGE_STANDARD = gnu11;
				GCC_NO_COMMON_BLOCKS = YES;
				GCC_WARN_64_TO_32_BIT_CONVERSION = YES;
				GCC_WARN_ABOUT_RETURN_TYPE = YES_ERROR;
				GCC_WARN_UNDECLARED_SELECTOR = YES;
				GCC_WARN_UNINITIALIZED_AUTOS = YES_AGGRESSIVE;
				GCC_WARN_UNUSED_FUNCTION = YES;
				GCC_WARN_UNUSED_VARIABLE = YES;
				GENERATE_INFOPLIST_FILE = NO;
				INFOPLIST_FILE = "";
				IPHONEOS_DEPLOYMENT_TARGET = 13.0;
				MTL_ENABLE_DEBUG_INFO = NO;
				MTL_FAST_MATH = YES;
				SDKROOT = iphoneos;
				SWIFT_COMPILATION_MODE = wholemodule;
				SWIFT_OPTIMIZATION_LEVEL = "-O";
				VALIDATE_PRODUCT = YES;
			};
			name = Release;
		};
		22F11BE6271D177700E556EB /* Debug */ = {
			isa = XCBuildConfiguration;
			baseConfigurationReference = 94DC64C5E955D12FBE0A10E8 /* Pods-GitInsightHub.debug.xcconfig */;
			buildSettings = {
				ASSETCATALOG_COMPILER_APPICON_NAME = AppIcon;
				ASSETCATALOG_COMPILER_GLOBAL_ACCENT_COLOR_NAME = AccentColor;
				CODE_SIGN_STYLE = Automatic;
				CURRENT_PROJECT_VERSION = 1;
				GENERATE_INFOPLIST_FILE = YES;
				INFOPLIST_FILE = GitInsightHub/Info.plist;
				INFOPLIST_KEY_UIApplicationSupportsIndirectInputEvents = YES;
				INFOPLIST_KEY_UILaunchStoryboardName = LaunchScreen;
				INFOPLIST_KEY_UISupportedInterfaceOrientations_iPad = "UIInterfaceOrientationPortrait UIInterfaceOrientationPortraitUpsideDown UIInterfaceOrientationLandscapeLeft UIInterfaceOrientationLandscapeRight";
				INFOPLIST_KEY_UISupportedInterfaceOrientations_iPhone = "UIInterfaceOrientationPortrait UIInterfaceOrientationLandscapeLeft UIInterfaceOrientationLandscapeRight";
				LD_RUNPATH_SEARCH_PATHS = (
					"$(inherited)",
					"@executable_path/Frameworks",
				);
				MARKETING_VERSION = 1.0;
				PRODUCT_BUNDLE_IDENTIFIER = kr.maylily.GitInsightHub;
				PRODUCT_NAME = "$(TARGET_NAME)";
				SWIFT_EMIT_LOC_STRINGS = YES;
				SWIFT_VERSION = 5.0;
				TARGETED_DEVICE_FAMILY = "1,2";
			};
			name = Debug;
		};
		22F11BE7271D177700E556EB /* Release */ = {
			isa = XCBuildConfiguration;
			baseConfigurationReference = 4E045E2F176B8F1E69B9C564 /* Pods-GitInsightHub.release.xcconfig */;
			buildSettings = {
				ASSETCATALOG_COMPILER_APPICON_NAME = AppIcon;
				ASSETCATALOG_COMPILER_GLOBAL_ACCENT_COLOR_NAME = AccentColor;
				CODE_SIGN_STYLE = Automatic;
				CURRENT_PROJECT_VERSION = 1;
				GENERATE_INFOPLIST_FILE = YES;
				INFOPLIST_FILE = GitInsightHub/Info.plist;
				INFOPLIST_KEY_UIApplicationSupportsIndirectInputEvents = YES;
				INFOPLIST_KEY_UILaunchStoryboardName = LaunchScreen;
				INFOPLIST_KEY_UISupportedInterfaceOrientations_iPad = "UIInterfaceOrientationPortrait UIInterfaceOrientationPortraitUpsideDown UIInterfaceOrientationLandscapeLeft UIInterfaceOrientationLandscapeRight";
				INFOPLIST_KEY_UISupportedInterfaceOrientations_iPhone = "UIInterfaceOrientationPortrait UIInterfaceOrientationLandscapeLeft UIInterfaceOrientationLandscapeRight";
				LD_RUNPATH_SEARCH_PATHS = (
					"$(inherited)",
					"@executable_path/Frameworks",
				);
				MARKETING_VERSION = 1.0;
				PRODUCT_BUNDLE_IDENTIFIER = kr.maylily.GitInsightHub;
				PRODUCT_NAME = "$(TARGET_NAME)";
				SWIFT_EMIT_LOC_STRINGS = YES;
				SWIFT_VERSION = 5.0;
				TARGETED_DEVICE_FAMILY = "1,2";
			};
			name = Release;
		};
/* End XCBuildConfiguration section */

/* Begin XCConfigurationList section */
		22F11BCC271D177300E556EB /* Build configuration list for PBXProject "GitInsightHub" */ = {
			isa = XCConfigurationList;
			buildConfigurations = (
				22F11BE3271D177700E556EB /* Debug */,
				22F11BE4271D177700E556EB /* Release */,
			);
			defaultConfigurationIsVisible = 0;
			defaultConfigurationName = Release;
		};
		22F11BE5271D177700E556EB /* Build configuration list for PBXNativeTarget "GitInsightHub" */ = {
			isa = XCConfigurationList;
			buildConfigurations = (
				22F11BE6271D177700E556EB /* Debug */,
				22F11BE7271D177700E556EB /* Release */,
			);
			defaultConfigurationIsVisible = 0;
			defaultConfigurationName = Release;
		};
/* End XCConfigurationList section */

/* Begin XCVersionGroup section */
		22F23C172732A00A0090C689 /* RepositoryEntity.xcdatamodeld */ = {
			isa = XCVersionGroup;
			children = (
				22F23C182732A00A0090C689 /* Repository.xcdatamodel */,
			);
			currentVersion = 22F23C182732A00A0090C689 /* Repository.xcdatamodel */;
			path = RepositoryEntity.xcdatamodeld;
			sourceTree = "<group>";
			versionGroupType = wrapper.xcdatamodel;
		};
/* End XCVersionGroup section */
	};
	rootObject = 22F11BC9271D177300E556EB /* Project object */;
}
