// !$*UTF8*$!
{
	archiveVersion = 1;
	classes = {
	};
	objectVersion = 55;
	objects = {

/* Begin PBXBuildFile section */
		22005DCD271D880A0058609C /* Scene.swift in Sources */ = {isa = PBXBuildFile; fileRef = 22005DC9271D880A0058609C /* Scene.swift */; };
		22005DCE271D880A0058609C /* SceneCoordinatorType.swift in Sources */ = {isa = PBXBuildFile; fileRef = 22005DCA271D880A0058609C /* SceneCoordinatorType.swift */; };
		22005DCF271D880A0058609C /* TransitionModel.swift in Sources */ = {isa = PBXBuildFile; fileRef = 22005DCB271D880A0058609C /* TransitionModel.swift */; };
		22005DD0271D880A0058609C /* SceneCoordinator.swift in Sources */ = {isa = PBXBuildFile; fileRef = 22005DCC271D880A0058609C /* SceneCoordinator.swift */; };
		22005DD3271D8CF10058609C /* Networking.swift in Sources */ = {isa = PBXBuildFile; fileRef = 22005DD2271D8CF10058609C /* Networking.swift */; };
		22005DD5271D8D330058609C /* ServerAPI.swift in Sources */ = {isa = PBXBuildFile; fileRef = 22005DD4271D8D330058609C /* ServerAPI.swift */; };
		22005DD7271D8E420058609C /* NetworkError.swift in Sources */ = {isa = PBXBuildFile; fileRef = 22005DD6271D8E420058609C /* NetworkError.swift */; };
		22005DD9271D8E900058609C /* Usecase.swift in Sources */ = {isa = PBXBuildFile; fileRef = 22005DD8271D8E900058609C /* Usecase.swift */; };
		22005DDB271D9D310058609C /* CodableManager.swift in Sources */ = {isa = PBXBuildFile; fileRef = 22005DDA271D9D310058609C /* CodableManager.swift */; };
		22005DDD271DA65C0058609C /* ViewModelBindableType.swift in Sources */ = {isa = PBXBuildFile; fileRef = 22005DDC271DA65C0058609C /* ViewModelBindableType.swift */; };
		22F11BDC271D177300E556EB /* Main.storyboard in Resources */ = {isa = PBXBuildFile; fileRef = 22F11BDA271D177300E556EB /* Main.storyboard */; };
		22F11BDE271D177700E556EB /* Assets.xcassets in Resources */ = {isa = PBXBuildFile; fileRef = 22F11BDD271D177700E556EB /* Assets.xcassets */; };
		22F11BE1271D177700E556EB /* LaunchScreen.storyboard in Resources */ = {isa = PBXBuildFile; fileRef = 22F11BDF271D177700E556EB /* LaunchScreen.storyboard */; };
		22F11BF8271D179D00E556EB /* AppDelegate.swift in Sources */ = {isa = PBXBuildFile; fileRef = 22F11BE9271D179D00E556EB /* AppDelegate.swift */; };
		22F11BF9271D179D00E556EB /* SceneDelegate.swift in Sources */ = {isa = PBXBuildFile; fileRef = 22F11BEA271D179D00E556EB /* SceneDelegate.swift */; };
		22F11BFA271D179D00E556EB /* Configs.swift in Sources */ = {isa = PBXBuildFile; fileRef = 22F11BED271D179D00E556EB /* Configs.swift */; };
		22F11BFB271D179D00E556EB /* ViewController.swift in Sources */ = {isa = PBXBuildFile; fileRef = 22F11BF1271D179D00E556EB /* ViewController.swift */; };
		22F11BFC271D179D00E556EB /* OAuthViewModel.swift in Sources */ = {isa = PBXBuildFile; fileRef = 22F11BF3271D179D00E556EB /* OAuthViewModel.swift */; };
		22F11BFD271D179D00E556EB /* OAuthViewController.swift in Sources */ = {isa = PBXBuildFile; fileRef = 22F11BF4271D179D00E556EB /* OAuthViewController.swift */; };
		22F11BFE271D179D00E556EB /* ViewModelType.swift in Sources */ = {isa = PBXBuildFile; fileRef = 22F11BF6271D179D00E556EB /* ViewModelType.swift */; };
		22F11C01271D740C00E556EB /* URL.swift in Sources */ = {isa = PBXBuildFile; fileRef = 22F11C00271D740C00E556EB /* URL.swift */; };
		22F11C03271D782800E556EB /* Token.swift in Sources */ = {isa = PBXBuildFile; fileRef = 22F11C02271D782800E556EB /* Token.swift */; };
		22F11C05271D792100E556EB /* GithubAPI.swift in Sources */ = {isa = PBXBuildFile; fileRef = 22F11C04271D792100E556EB /* GithubAPI.swift */; };
		22F11C08271D7F6200E556EB /* AuthManager.swift in Sources */ = {isa = PBXBuildFile; fileRef = 22F11C07271D7F6200E556EB /* AuthManager.swift */; };
		EBDEE788D2632E73D7BAFF3A /* Pods_GitInsightHub.framework in Frameworks */ = {isa = PBXBuildFile; fileRef = 441FA8053EE69AA23B40A5A8 /* Pods_GitInsightHub.framework */; };
/* End PBXBuildFile section */

/* Begin PBXFileReference section */
		22005DC9271D880A0058609C /* Scene.swift */ = {isa = PBXFileReference; fileEncoding = 4; lastKnownFileType = sourcecode.swift; path = Scene.swift; sourceTree = "<group>"; };
		22005DCA271D880A0058609C /* SceneCoordinatorType.swift */ = {isa = PBXFileReference; fileEncoding = 4; lastKnownFileType = sourcecode.swift; path = SceneCoordinatorType.swift; sourceTree = "<group>"; };
		22005DCB271D880A0058609C /* TransitionModel.swift */ = {isa = PBXFileReference; fileEncoding = 4; lastKnownFileType = sourcecode.swift; path = TransitionModel.swift; sourceTree = "<group>"; };
		22005DCC271D880A0058609C /* SceneCoordinator.swift */ = {isa = PBXFileReference; fileEncoding = 4; lastKnownFileType = sourcecode.swift; path = SceneCoordinator.swift; sourceTree = "<group>"; };
		22005DD2271D8CF10058609C /* Networking.swift */ = {isa = PBXFileReference; lastKnownFileType = sourcecode.swift; path = Networking.swift; sourceTree = "<group>"; };
		22005DD4271D8D330058609C /* ServerAPI.swift */ = {isa = PBXFileReference; lastKnownFileType = sourcecode.swift; path = ServerAPI.swift; sourceTree = "<group>"; };
		22005DD6271D8E420058609C /* NetworkError.swift */ = {isa = PBXFileReference; lastKnownFileType = sourcecode.swift; path = NetworkError.swift; sourceTree = "<group>"; };
		22005DD8271D8E900058609C /* Usecase.swift */ = {isa = PBXFileReference; lastKnownFileType = sourcecode.swift; path = Usecase.swift; sourceTree = "<group>"; };
		22005DDA271D9D310058609C /* CodableManager.swift */ = {isa = PBXFileReference; lastKnownFileType = sourcecode.swift; path = CodableManager.swift; sourceTree = "<group>"; };
		22005DDC271DA65C0058609C /* ViewModelBindableType.swift */ = {isa = PBXFileReference; lastKnownFileType = sourcecode.swift; path = ViewModelBindableType.swift; sourceTree = "<group>"; };
		22F11BD1271D177300E556EB /* GitInsightHub.app */ = {isa = PBXFileReference; explicitFileType = wrapper.application; includeInIndex = 0; path = GitInsightHub.app; sourceTree = BUILT_PRODUCTS_DIR; };
		22F11BDB271D177300E556EB /* Base */ = {isa = PBXFileReference; lastKnownFileType = file.storyboard; name = Base; path = Base.lproj/Main.storyboard; sourceTree = "<group>"; };
		22F11BDD271D177700E556EB /* Assets.xcassets */ = {isa = PBXFileReference; lastKnownFileType = folder.assetcatalog; path = Assets.xcassets; sourceTree = "<group>"; };
		22F11BE0271D177700E556EB /* Base */ = {isa = PBXFileReference; lastKnownFileType = file.storyboard; name = Base; path = Base.lproj/LaunchScreen.storyboard; sourceTree = "<group>"; };
		22F11BE2271D177700E556EB /* Info.plist */ = {isa = PBXFileReference; lastKnownFileType = text.plist.xml; path = Info.plist; sourceTree = "<group>"; };
		22F11BE9271D179D00E556EB /* AppDelegate.swift */ = {isa = PBXFileReference; fileEncoding = 4; lastKnownFileType = sourcecode.swift; path = AppDelegate.swift; sourceTree = "<group>"; };
		22F11BEA271D179D00E556EB /* SceneDelegate.swift */ = {isa = PBXFileReference; fileEncoding = 4; lastKnownFileType = sourcecode.swift; path = SceneDelegate.swift; sourceTree = "<group>"; };
		22F11BED271D179D00E556EB /* Configs.swift */ = {isa = PBXFileReference; fileEncoding = 4; lastKnownFileType = sourcecode.swift; path = Configs.swift; sourceTree = "<group>"; };
		22F11BF1271D179D00E556EB /* ViewController.swift */ = {isa = PBXFileReference; fileEncoding = 4; lastKnownFileType = sourcecode.swift; path = ViewController.swift; sourceTree = "<group>"; };
		22F11BF3271D179D00E556EB /* OAuthViewModel.swift */ = {isa = PBXFileReference; fileEncoding = 4; lastKnownFileType = sourcecode.swift; path = OAuthViewModel.swift; sourceTree = "<group>"; };
		22F11BF4271D179D00E556EB /* OAuthViewController.swift */ = {isa = PBXFileReference; fileEncoding = 4; lastKnownFileType = sourcecode.swift; path = OAuthViewController.swift; sourceTree = "<group>"; };
		22F11BF6271D179D00E556EB /* ViewModelType.swift */ = {isa = PBXFileReference; fileEncoding = 4; lastKnownFileType = sourcecode.swift; path = ViewModelType.swift; sourceTree = "<group>"; };
		22F11C00271D740C00E556EB /* URL.swift */ = {isa = PBXFileReference; lastKnownFileType = sourcecode.swift; path = URL.swift; sourceTree = "<group>"; };
		22F11C02271D782800E556EB /* Token.swift */ = {isa = PBXFileReference; lastKnownFileType = sourcecode.swift; path = Token.swift; sourceTree = "<group>"; };
		22F11C04271D792100E556EB /* GithubAPI.swift */ = {isa = PBXFileReference; lastKnownFileType = sourcecode.swift; path = GithubAPI.swift; sourceTree = "<group>"; };
		22F11C07271D7F6200E556EB /* AuthManager.swift */ = {isa = PBXFileReference; lastKnownFileType = sourcecode.swift; path = AuthManager.swift; sourceTree = "<group>"; };
		441FA8053EE69AA23B40A5A8 /* Pods_GitInsightHub.framework */ = {isa = PBXFileReference; explicitFileType = wrapper.framework; includeInIndex = 0; path = Pods_GitInsightHub.framework; sourceTree = BUILT_PRODUCTS_DIR; };
		4E045E2F176B8F1E69B9C564 /* Pods-GitInsightHub.release.xcconfig */ = {isa = PBXFileReference; includeInIndex = 1; lastKnownFileType = text.xcconfig; name = "Pods-GitInsightHub.release.xcconfig"; path = "Target Support Files/Pods-GitInsightHub/Pods-GitInsightHub.release.xcconfig"; sourceTree = "<group>"; };
		94DC64C5E955D12FBE0A10E8 /* Pods-GitInsightHub.debug.xcconfig */ = {isa = PBXFileReference; includeInIndex = 1; lastKnownFileType = text.xcconfig; name = "Pods-GitInsightHub.debug.xcconfig"; path = "Target Support Files/Pods-GitInsightHub/Pods-GitInsightHub.debug.xcconfig"; sourceTree = "<group>"; };
/* End PBXFileReference section */

/* Begin PBXFrameworksBuildPhase section */
		22F11BCE271D177300E556EB /* Frameworks */ = {
			isa = PBXFrameworksBuildPhase;
			buildActionMask = 2147483647;
			files = (
				EBDEE788D2632E73D7BAFF3A /* Pods_GitInsightHub.framework in Frameworks */,
			);
			runOnlyForDeploymentPostprocessing = 0;
		};
/* End PBXFrameworksBuildPhase section */

/* Begin PBXGroup section */
		00CBE6A8F31D07AFDA6F7769 /* Pods */ = {
			isa = PBXGroup;
			children = (
				94DC64C5E955D12FBE0A10E8 /* Pods-GitInsightHub.debug.xcconfig */,
				4E045E2F176B8F1E69B9C564 /* Pods-GitInsightHub.release.xcconfig */,
			);
			path = Pods;
			sourceTree = "<group>";
		};
		22005DC8271D880A0058609C /* Scene */ = {
			isa = PBXGroup;
			children = (
				22005DC9271D880A0058609C /* Scene.swift */,
				22005DCA271D880A0058609C /* SceneCoordinatorType.swift */,
				22005DCB271D880A0058609C /* TransitionModel.swift */,
				22005DCC271D880A0058609C /* SceneCoordinator.swift */,
			);
			path = Scene;
			sourceTree = "<group>";
		};
		22005DD1271D8CA40058609C /* UseCase */ = {
			isa = PBXGroup;
			children = (
				22F11C04271D792100E556EB /* GithubAPI.swift */,
				22005DD8271D8E900058609C /* Usecase.swift */,
			);
			path = UseCase;
			sourceTree = "<group>";
		};
		22F11BC8271D177300E556EB = {
			isa = PBXGroup;
			children = (
				22F11BD3271D177300E556EB /* GitInsightHub */,
				22F11BD2271D177300E556EB /* Products */,
				00CBE6A8F31D07AFDA6F7769 /* Pods */,
				6468B76F818E9E83BA33F2DA /* Frameworks */,
			);
			sourceTree = "<group>";
		};
		22F11BD2271D177300E556EB /* Products */ = {
			isa = PBXGroup;
			children = (
				22F11BD1271D177300E556EB /* GitInsightHub.app */,
			);
			name = Products;
			sourceTree = "<group>";
		};
		22F11BD3271D177300E556EB /* GitInsightHub */ = {
			isa = PBXGroup;
			children = (
				22F11BE8271D179D00E556EB /* Application */,
				22005DC8271D880A0058609C /* Scene */,
				22F11BF5271D179D00E556EB /* Common */,
				22F11BEE271D179D00E556EB /* Model */,
				22F11BEF271D179D00E556EB /* Module */,
				22005DD1271D8CA40058609C /* UseCase */,
				22F11BF7271D179D00E556EB /* Networking */,
				22F11BEC271D179D00E556EB /* Configs */,
				22F11C06271D7F4A00E556EB /* Manager */,
				22F11BEB271D179D00E556EB /* Extension */,
				22F11BDA271D177300E556EB /* Main.storyboard */,
				22F11BDD271D177700E556EB /* Assets.xcassets */,
				22F11BDF271D177700E556EB /* LaunchScreen.storyboard */,
				22F11BE2271D177700E556EB /* Info.plist */,
			);
			path = GitInsightHub;
			sourceTree = "<group>";
		};
		22F11BE8271D179D00E556EB /* Application */ = {
			isa = PBXGroup;
			children = (
				22F11BE9271D179D00E556EB /* AppDelegate.swift */,
				22F11BEA271D179D00E556EB /* SceneDelegate.swift */,
			);
			path = Application;
			sourceTree = "<group>";
		};
		22F11BEB271D179D00E556EB /* Extension */ = {
			isa = PBXGroup;
			children = (
				22F11C00271D740C00E556EB /* URL.swift */,
			);
			path = Extension;
			sourceTree = "<group>";
		};
		22F11BEC271D179D00E556EB /* Configs */ = {
			isa = PBXGroup;
			children = (
				22F11BED271D179D00E556EB /* Configs.swift */,
			);
			path = Configs;
			sourceTree = "<group>";
		};
		22F11BEE271D179D00E556EB /* Model */ = {
			isa = PBXGroup;
			children = (
				22F11C02271D782800E556EB /* Token.swift */,
			);
			path = Model;
			sourceTree = "<group>";
		};
		22F11BEF271D179D00E556EB /* Module */ = {
			isa = PBXGroup;
			children = (
				22F11BF0271D179D00E556EB /* Main */,
				22F11BF2271D179D00E556EB /* Login */,
			);
			path = Module;
			sourceTree = "<group>";
		};
		22F11BF0271D179D00E556EB /* Main */ = {
			isa = PBXGroup;
			children = (
				22F11BF1271D179D00E556EB /* ViewController.swift */,
			);
			path = Main;
			sourceTree = "<group>";
		};
		22F11BF2271D179D00E556EB /* Login */ = {
			isa = PBXGroup;
			children = (
				22F11BF4271D179D00E556EB /* OAuthViewController.swift */,
				22F11BF3271D179D00E556EB /* OAuthViewModel.swift */,
			);
			path = Login;
			sourceTree = "<group>";
		};
		22F11BF5271D179D00E556EB /* Common */ = {
			isa = PBXGroup;
			children = (
				22F11BF6271D179D00E556EB /* ViewModelType.swift */,
				22005DDC271DA65C0058609C /* ViewModelBindableType.swift */,
			);
			path = Common;
			sourceTree = "<group>";
		};
		22F11BF7271D179D00E556EB /* Networking */ = {
			isa = PBXGroup;
			children = (
				22005DD2271D8CF10058609C /* Networking.swift */,
				22005DD4271D8D330058609C /* ServerAPI.swift */,
				22005DD6271D8E420058609C /* NetworkError.swift */,
			);
			path = Networking;
			sourceTree = "<group>";
		};
		22F11C06271D7F4A00E556EB /* Manager */ = {
			isa = PBXGroup;
			children = (
				22F11C07271D7F6200E556EB /* AuthManager.swift */,
				22005DDA271D9D310058609C /* CodableManager.swift */,
			);
			path = Manager;
			sourceTree = "<group>";
		};
		6468B76F818E9E83BA33F2DA /* Frameworks */ = {
			isa = PBXGroup;
			children = (
				441FA8053EE69AA23B40A5A8 /* Pods_GitInsightHub.framework */,
			);
			name = Frameworks;
			sourceTree = "<group>";
		};
/* End PBXGroup section */

/* Begin PBXNativeTarget section */
		22F11BD0271D177300E556EB /* GitInsightHub */ = {
			isa = PBXNativeTarget;
			buildConfigurationList = 22F11BE5271D177700E556EB /* Build configuration list for PBXNativeTarget "GitInsightHub" */;
			buildPhases = (
				7E0169B598176BA746F7BE60 /* [CP] Check Pods Manifest.lock */,
				22F11BCD271D177300E556EB /* Sources */,
				22F11BCE271D177300E556EB /* Frameworks */,
				22F11BCF271D177300E556EB /* Resources */,
				9C7CBB006B8EBB0E9DCD56D0 /* [CP] Embed Pods Frameworks */,
			);
			buildRules = (
			);
			dependencies = (
			);
			name = GitInsightHub;
			productName = GitInsightHub;
			productReference = 22F11BD1271D177300E556EB /* GitInsightHub.app */;
			productType = "com.apple.product-type.application";
		};
/* End PBXNativeTarget section */

/* Begin PBXProject section */
		22F11BC9271D177300E556EB /* Project object */ = {
			isa = PBXProject;
			attributes = {
				BuildIndependentTargetsInParallel = 1;
				LastSwiftUpdateCheck = 1300;
				LastUpgradeCheck = 1300;
				TargetAttributes = {
					22F11BD0271D177300E556EB = {
						CreatedOnToolsVersion = 13.0;
					};
				};
			};
			buildConfigurationList = 22F11BCC271D177300E556EB /* Build configuration list for PBXProject "GitInsightHub" */;
			compatibilityVersion = "Xcode 13.0";
			developmentRegion = en;
			hasScannedForEncodings = 0;
			knownRegions = (
				en,
				Base,
			);
			mainGroup = 22F11BC8271D177300E556EB;
			productRefGroup = 22F11BD2271D177300E556EB /* Products */;
			projectDirPath = "";
			projectRoot = "";
			targets = (
				22F11BD0271D177300E556EB /* GitInsightHub */,
			);
		};
/* End PBXProject section */

/* Begin PBXResourcesBuildPhase section */
		22F11BCF271D177300E556EB /* Resources */ = {
			isa = PBXResourcesBuildPhase;
			buildActionMask = 2147483647;
			files = (
				22F11BE1271D177700E556EB /* LaunchScreen.storyboard in Resources */,
				22F11BDE271D177700E556EB /* Assets.xcassets in Resources */,
				22F11BDC271D177300E556EB /* Main.storyboard in Resources */,
			);
			runOnlyForDeploymentPostprocessing = 0;
		};
/* End PBXResourcesBuildPhase section */

/* Begin PBXShellScriptBuildPhase section */
		7E0169B598176BA746F7BE60 /* [CP] Check Pods Manifest.lock */ = {
			isa = PBXShellScriptBuildPhase;
			buildActionMask = 2147483647;
			files = (
			);
			inputFileListPaths = (
			);
			inputPaths = (
				"${PODS_PODFILE_DIR_PATH}/Podfile.lock",
				"${PODS_ROOT}/Manifest.lock",
			);
			name = "[CP] Check Pods Manifest.lock";
			outputFileListPaths = (
			);
			outputPaths = (
				"$(DERIVED_FILE_DIR)/Pods-GitInsightHub-checkManifestLockResult.txt",
			);
			runOnlyForDeploymentPostprocessing = 0;
			shellPath = /bin/sh;
			shellScript = "diff \"${PODS_PODFILE_DIR_PATH}/Podfile.lock\" \"${PODS_ROOT}/Manifest.lock\" > /dev/null\nif [ $? != 0 ] ; then\n    # print error to STDERR\n    echo \"error: The sandbox is not in sync with the Podfile.lock. Run 'pod install' or update your CocoaPods installation.\" >&2\n    exit 1\nfi\n# This output is used by Xcode 'outputs' to avoid re-running this script phase.\necho \"SUCCESS\" > \"${SCRIPT_OUTPUT_FILE_0}\"\n";
			showEnvVarsInLog = 0;
		};
		9C7CBB006B8EBB0E9DCD56D0 /* [CP] Embed Pods Frameworks */ = {
			isa = PBXShellScriptBuildPhase;
			buildActionMask = 2147483647;
			files = (
			);
			inputFileListPaths = (
				"${PODS_ROOT}/Target Support Files/Pods-GitInsightHub/Pods-GitInsightHub-frameworks-${CONFIGURATION}-input-files.xcfilelist",
			);
			name = "[CP] Embed Pods Frameworks";
			outputFileListPaths = (
				"${PODS_ROOT}/Target Support Files/Pods-GitInsightHub/Pods-GitInsightHub-frameworks-${CONFIGURATION}-output-files.xcfilelist",
			);
			runOnlyForDeploymentPostprocessing = 0;
			shellPath = /bin/sh;
			shellScript = "\"${PODS_ROOT}/Target Support Files/Pods-GitInsightHub/Pods-GitInsightHub-frameworks.sh\"\n";
			showEnvVarsInLog = 0;
		};
/* End PBXShellScriptBuildPhase section */

/* Begin PBXSourcesBuildPhase section */
		22F11BCD271D177300E556EB /* Sources */ = {
			isa = PBXSourcesBuildPhase;
			buildActionMask = 2147483647;
			files = (
				22F11C03271D782800E556EB /* Token.swift in Sources */,
				22F11C05271D792100E556EB /* GithubAPI.swift in Sources */,
				22F11BF9271D179D00E556EB /* SceneDelegate.swift in Sources */,
				22005DD3271D8CF10058609C /* Networking.swift in Sources */,
				22005DDB271D9D310058609C /* CodableManager.swift in Sources */,
				22F11BFD271D179D00E556EB /* OAuthViewController.swift in Sources */,
				22F11BF8271D179D00E556EB /* AppDelegate.swift in Sources */,
				22F11BFC271D179D00E556EB /* OAuthViewModel.swift in Sources */,
				22005DD0271D880A0058609C /* SceneCoordinator.swift in Sources */,
				22005DDD271DA65C0058609C /* ViewModelBindableType.swift in Sources */,
				22005DD9271D8E900058609C /* Usecase.swift in Sources */,
				22F11BFB271D179D00E556EB /* ViewController.swift in Sources */,
				22F11BFE271D179D00E556EB /* ViewModelType.swift in Sources */,
				22005DCD271D880A0058609C /* Scene.swift in Sources */,
				22F11C08271D7F6200E556EB /* AuthManager.swift in Sources */,
				22005DD5271D8D330058609C /* ServerAPI.swift in Sources */,
				22005DCF271D880A0058609C /* TransitionModel.swift in Sources */,
				22F11BFA271D179D00E556EB /* Configs.swift in Sources */,
				22005DD7271D8E420058609C /* NetworkError.swift in Sources */,
				22005DCE271D880A0058609C /* SceneCoordinatorType.swift in Sources */,
				22F11C01271D740C00E556EB /* URL.swift in Sources */,
			);
			runOnlyForDeploymentPostprocessing = 0;
		};
/* End PBXSourcesBuildPhase section */

/* Begin PBXVariantGroup section */
		22F11BDA271D177300E556EB /* Main.storyboard */ = {
			isa = PBXVariantGroup;
			children = (
				22F11BDB271D177300E556EB /* Base */,
			);
			name = Main.storyboard;
			sourceTree = "<group>";
		};
		22F11BDF271D177700E556EB /* LaunchScreen.storyboard */ = {
			isa = PBXVariantGroup;
			children = (
				22F11BE0271D177700E556EB /* Base */,
			);
			name = LaunchScreen.storyboard;
			sourceTree = "<group>";
		};
/* End PBXVariantGroup section */

/* Begin XCBuildConfiguration section */
		22F11BE3271D177700E556EB /* Debug */ = {
			isa = XCBuildConfiguration;
			buildSettings = {
				ALWAYS_SEARCH_USER_PATHS = NO;
				CLANG_ANALYZER_NONNULL = YES;
				CLANG_ANALYZER_NUMBER_OBJECT_CONVERSION = YES_AGGRESSIVE;
				CLANG_CXX_LANGUAGE_STANDARD = "gnu++17";
				CLANG_CXX_LIBRARY = "libc++";
				CLANG_ENABLE_MODULES = YES;
				CLANG_ENABLE_OBJC_ARC = YES;
				CLANG_ENABLE_OBJC_WEAK = YES;
				CLANG_WARN_BLOCK_CAPTURE_AUTORELEASING = YES;
				CLANG_WARN_BOOL_CONVERSION = YES;
				CLANG_WARN_COMMA = YES;
				CLANG_WARN_CONSTANT_CONVERSION = YES;
				CLANG_WARN_DEPRECATED_OBJC_IMPLEMENTATIONS = YES;
				CLANG_WARN_DIRECT_OBJC_ISA_USAGE = YES_ERROR;
				CLANG_WARN_DOCUMENTATION_COMMENTS = YES;
				CLANG_WARN_EMPTY_BODY = YES;
				CLANG_WARN_ENUM_CONVERSION = YES;
				CLANG_WARN_INFINITE_RECURSION = YES;
				CLANG_WARN_INT_CONVERSION = YES;
				CLANG_WARN_NON_LITERAL_NULL_CONVERSION = YES;
				CLANG_WARN_OBJC_IMPLICIT_RETAIN_SELF = YES;
				CLANG_WARN_OBJC_LITERAL_CONVERSION = YES;
				CLANG_WARN_OBJC_ROOT_CLASS = YES_ERROR;
				CLANG_WARN_QUOTED_INCLUDE_IN_FRAMEWORK_HEADER = YES;
				CLANG_WARN_RANGE_LOOP_ANALYSIS = YES;
				CLANG_WARN_STRICT_PROTOTYPES = YES;
				CLANG_WARN_SUSPICIOUS_MOVE = YES;
				CLANG_WARN_UNGUARDED_AVAILABILITY = YES_AGGRESSIVE;
				CLANG_WARN_UNREACHABLE_CODE = YES;
				CLANG_WARN__DUPLICATE_METHOD_MATCH = YES;
				COPY_PHASE_STRIP = NO;
				DEBUG_INFORMATION_FORMAT = dwarf;
				ENABLE_STRICT_OBJC_MSGSEND = YES;
				ENABLE_TESTABILITY = YES;
				GCC_C_LANGUAGE_STANDARD = gnu11;
				GCC_DYNAMIC_NO_PIC = NO;
				GCC_NO_COMMON_BLOCKS = YES;
				GCC_OPTIMIZATION_LEVEL = 0;
				GCC_PREPROCESSOR_DEFINITIONS = (
					"DEBUG=1",
					"$(inherited)",
				);
				GCC_WARN_64_TO_32_BIT_CONVERSION = YES;
				GCC_WARN_ABOUT_RETURN_TYPE = YES_ERROR;
				GCC_WARN_UNDECLARED_SELECTOR = YES;
				GCC_WARN_UNINITIALIZED_AUTOS = YES_AGGRESSIVE;
				GCC_WARN_UNUSED_FUNCTION = YES;
				GCC_WARN_UNUSED_VARIABLE = YES;
				GENERATE_INFOPLIST_FILE = NO;
				INFOPLIST_FILE = "";
				IPHONEOS_DEPLOYMENT_TARGET = 15.0;
				MTL_ENABLE_DEBUG_INFO = INCLUDE_SOURCE;
				MTL_FAST_MATH = YES;
				ONLY_ACTIVE_ARCH = YES;
				SDKROOT = iphoneos;
				SWIFT_ACTIVE_COMPILATION_CONDITIONS = DEBUG;
				SWIFT_OPTIMIZATION_LEVEL = "-Onone";
			};
			name = Debug;
		};
		22F11BE4271D177700E556EB /* Release */ = {
			isa = XCBuildConfiguration;
			buildSettings = {
				ALWAYS_SEARCH_USER_PATHS = NO;
				CLANG_ANALYZER_NONNULL = YES;
				CLANG_ANALYZER_NUMBER_OBJECT_CONVERSION = YES_AGGRESSIVE;
				CLANG_CXX_LANGUAGE_STANDARD = "gnu++17";
				CLANG_CXX_LIBRARY = "libc++";
				CLANG_ENABLE_MODULES = YES;
				CLANG_ENABLE_OBJC_ARC = YES;
				CLANG_ENABLE_OBJC_WEAK = YES;
				CLANG_WARN_BLOCK_CAPTURE_AUTORELEASING = YES;
				CLANG_WARN_BOOL_CONVERSION = YES;
				CLANG_WARN_COMMA = YES;
				CLANG_WARN_CONSTANT_CONVERSION = YES;
				CLANG_WARN_DEPRECATED_OBJC_IMPLEMENTATIONS = YES;
				CLANG_WARN_DIRECT_OBJC_ISA_USAGE = YES_ERROR;
				CLANG_WARN_DOCUMENTATION_COMMENTS = YES;
				CLANG_WARN_EMPTY_BODY = YES;
				CLANG_WARN_ENUM_CONVERSION = YES;
				CLANG_WARN_INFINITE_RECURSION = YES;
				CLANG_WARN_INT_CONVERSION = YES;
				CLANG_WARN_NON_LITERAL_NULL_CONVERSION = YES;
				CLANG_WARN_OBJC_IMPLICIT_RETAIN_SELF = YES;
				CLANG_WARN_OBJC_LITERAL_CONVERSION = YES;
				CLANG_WARN_OBJC_ROOT_CLASS = YES_ERROR;
				CLANG_WARN_QUOTED_INCLUDE_IN_FRAMEWORK_HEADER = YES;
				CLANG_WARN_RANGE_LOOP_ANALYSIS = YES;
				CLANG_WARN_STRICT_PROTOTYPES = YES;
				CLANG_WARN_SUSPICIOUS_MOVE = YES;
				CLANG_WARN_UNGUARDED_AVAILABILITY = YES_AGGRESSIVE;
				CLANG_WARN_UNREACHABLE_CODE = YES;
				CLANG_WARN__DUPLICATE_METHOD_MATCH = YES;
				COPY_PHASE_STRIP = NO;
				DEBUG_INFORMATION_FORMAT = "dwarf-with-dsym";
				ENABLE_NS_ASSERTIONS = NO;
				ENABLE_STRICT_OBJC_MSGSEND = YES;
				GCC_C_LANGUAGE_STANDARD = gnu11;
				GCC_NO_COMMON_BLOCKS = YES;
				GCC_WARN_64_TO_32_BIT_CONVERSION = YES;
				GCC_WARN_ABOUT_RETURN_TYPE = YES_ERROR;
				GCC_WARN_UNDECLARED_SELECTOR = YES;
				GCC_WARN_UNINITIALIZED_AUTOS = YES_AGGRESSIVE;
				GCC_WARN_UNUSED_FUNCTION = YES;
				GCC_WARN_UNUSED_VARIABLE = YES;
				GENERATE_INFOPLIST_FILE = NO;
				INFOPLIST_FILE = "";
				IPHONEOS_DEPLOYMENT_TARGET = 15.0;
				MTL_ENABLE_DEBUG_INFO = NO;
				MTL_FAST_MATH = YES;
				SDKROOT = iphoneos;
				SWIFT_COMPILATION_MODE = wholemodule;
				SWIFT_OPTIMIZATION_LEVEL = "-O";
				VALIDATE_PRODUCT = YES;
			};
			name = Release;
		};
		22F11BE6271D177700E556EB /* Debug */ = {
			isa = XCBuildConfiguration;
			baseConfigurationReference = 94DC64C5E955D12FBE0A10E8 /* Pods-GitInsightHub.debug.xcconfig */;
			buildSettings = {
				ASSETCATALOG_COMPILER_APPICON_NAME = AppIcon;
				ASSETCATALOG_COMPILER_GLOBAL_ACCENT_COLOR_NAME = AccentColor;
				CODE_SIGN_STYLE = Automatic;
				CURRENT_PROJECT_VERSION = 1;
				GENERATE_INFOPLIST_FILE = YES;
				INFOPLIST_FILE = GitInsightHub/Info.plist;
				INFOPLIST_KEY_UIApplicationSupportsIndirectInputEvents = YES;
				INFOPLIST_KEY_UILaunchStoryboardName = LaunchScreen;
				INFOPLIST_KEY_UISupportedInterfaceOrientations_iPad = "UIInterfaceOrientationPortrait UIInterfaceOrientationPortraitUpsideDown UIInterfaceOrientationLandscapeLeft UIInterfaceOrientationLandscapeRight";
				INFOPLIST_KEY_UISupportedInterfaceOrientations_iPhone = "UIInterfaceOrientationPortrait UIInterfaceOrientationLandscapeLeft UIInterfaceOrientationLandscapeRight";
				LD_RUNPATH_SEARCH_PATHS = (
					"$(inherited)",
					"@executable_path/Frameworks",
				);
				MARKETING_VERSION = 1.0;
				PRODUCT_BUNDLE_IDENTIFIER = kr.maylily.GitInsightHub;
				PRODUCT_NAME = "$(TARGET_NAME)";
				SWIFT_EMIT_LOC_STRINGS = YES;
				SWIFT_VERSION = 5.0;
				TARGETED_DEVICE_FAMILY = "1,2";
			};
			name = Debug;
		};
		22F11BE7271D177700E556EB /* Release */ = {
			isa = XCBuildConfiguration;
			baseConfigurationReference = 4E045E2F176B8F1E69B9C564 /* Pods-GitInsightHub.release.xcconfig */;
			buildSettings = {
				ASSETCATALOG_COMPILER_APPICON_NAME = AppIcon;
				ASSETCATALOG_COMPILER_GLOBAL_ACCENT_COLOR_NAME = AccentColor;
				CODE_SIGN_STYLE = Automatic;
				CURRENT_PROJECT_VERSION = 1;
				GENERATE_INFOPLIST_FILE = YES;
				INFOPLIST_FILE = GitInsightHub/Info.plist;
				INFOPLIST_KEY_UIApplicationSupportsIndirectInputEvents = YES;
				INFOPLIST_KEY_UILaunchStoryboardName = LaunchScreen;
				INFOPLIST_KEY_UISupportedInterfaceOrientations_iPad = "UIInterfaceOrientationPortrait UIInterfaceOrientationPortraitUpsideDown UIInterfaceOrientationLandscapeLeft UIInterfaceOrientationLandscapeRight";
				INFOPLIST_KEY_UISupportedInterfaceOrientations_iPhone = "UIInterfaceOrientationPortrait UIInterfaceOrientationLandscapeLeft UIInterfaceOrientationLandscapeRight";
				LD_RUNPATH_SEARCH_PATHS = (
					"$(inherited)",
					"@executable_path/Frameworks",
				);
				MARKETING_VERSION = 1.0;
				PRODUCT_BUNDLE_IDENTIFIER = kr.maylily.GitInsightHub;
				PRODUCT_NAME = "$(TARGET_NAME)";
				SWIFT_EMIT_LOC_STRINGS = YES;
				SWIFT_VERSION = 5.0;
				TARGETED_DEVICE_FAMILY = "1,2";
			};
			name = Release;
		};
/* End XCBuildConfiguration section */

/* Begin XCConfigurationList section */
		22F11BCC271D177300E556EB /* Build configuration list for PBXProject "GitInsightHub" */ = {
			isa = XCConfigurationList;
			buildConfigurations = (
				22F11BE3271D177700E556EB /* Debug */,
				22F11BE4271D177700E556EB /* Release */,
			);
			defaultConfigurationIsVisible = 0;
			defaultConfigurationName = Release;
		};
		22F11BE5271D177700E556EB /* Build configuration list for PBXNativeTarget "GitInsightHub" */ = {
			isa = XCConfigurationList;
			buildConfigurations = (
				22F11BE6271D177700E556EB /* Debug */,
				22F11BE7271D177700E556EB /* Release */,
			);
			defaultConfigurationIsVisible = 0;
			defaultConfigurationName = Release;
		};
/* End XCConfigurationList section */
	};
	rootObject = 22F11BC9271D177300E556EB /* Project object */;
}
